
Microsoft Visual Studio Solution File, Format Version 12.00
Project("{FAE04EC0-301F-11D3-BF4B-00C04F79EFBC}") = "InterfacesGenerator", "InterfacesGenerator\InterfacesGenerator.csproj", "{45FA57C3-44AC-44F3-B58B-127444C8F458}"
EndProject
Global
	GlobalSection(SolutionConfigurationPlatforms) = preSolution
		Debug|Any CPU = Debug|Any CPU
		Release|Any CPU = Release|Any CPU
	EndGlobalSection
	GlobalSection(ProjectConfigurationPlatforms) = postSolution
		{45FA57C3-44AC-44F3-B58B-127444C8F458}.Debug|Any CPU.ActiveCfg = Debug|Any CPU
		{45FA57C3-44AC-44F3-B58B-127444C8F458}.Debug|Any CPU.Build.0 = Debug|Any CPU
		{45FA57C3-44AC-44F3-B58B-127444C8F458}.Release|Any CPU.ActiveCfg = Release|Any CPU
		{45FA57C3-44AC-44F3-B58B-127444C8F458}.Release|Any CPU.Build.0 = Release|Any CPU
	EndGlobalSection
EndGlobal
